
Microsoft Visual Studio Solution File, Format Version 12.00
# Visual Studio 14
VisualStudioVersion = 14.0.25420.1
MinimumVisualStudioVersion = 10.0.40219.1
Project("{2150E333-8FDC-42A3-9474-1A3956D46DE8}") = "Applications", "Applications", "{C3E52D11-2688-45F9-B145-93212A09EE14}"
EndProject
Project("{2150E333-8FDC-42A3-9474-1A3956D46DE8}") = "Domains", "Domains", "{50AD39A1-1DF5-4598-A954-209890356978}"
EndProject
Project("{2150E333-8FDC-42A3-9474-1A3956D46DE8}") = "Tests", "Tests", "{EDA5F276-3DFA-4330-8D94-88FC069A045F}"
EndProject
Project("{2150E333-8FDC-42A3-9474-1A3956D46DE8}") = "Frameworks", "Frameworks", "{5E4A54F7-97AA-427C-9352-4F975501B922}"
EndProject
Project("{8BB2217D-0F2D-49D1-97BC-3654ED321F3B}") = "Jmerp.Web", "Applications\Jmerp.Web\Jmerp.Web.xproj", "{667C9B94-44B1-43CE-A1C3-77A9F0FC64B6}"
EndProject
Project("{FAE04EC0-301F-11D3-BF4B-00C04F79EFBC}") = "Jmerp.Example.Shipping", "Domains\Jmerp.Example.Shipping\Jmerp.Example.Shipping.csproj", "{7A2DDC1C-0128-44C3-BEE8-E9211F515201}"
EndProject
Project("{FAE04EC0-301F-11D3-BF4B-00C04F79EFBC}") = "Jmerp.Commons", "Frameworks\Jmerp.Common\Jmerp.Commons.csproj", "{10BB28AC-EED8-40F4-9564-3362C020543A}"
EndProject
Project("{FAE04EC0-301F-11D3-BF4B-00C04F79EFBC}") = "Jmerp.Example.Shipping.Tests", "Tests\Jmerp.Example.Shipping.Test\Jmerp.Example.Shipping.Tests.csproj", "{B5E26988-D962-4906-9027-FFC92B2710D1}"
EndProject
Project("{FAE04EC0-301F-11D3-BF4B-00C04F79EFBC}") = "Jmerp.Example.Customers", "Domains\Jmerp.Example.Customer\Jmerp.Example.Customers.csproj", "{2E65EB85-386E-4CCE-AC60-55968E9F43FF}"
EndProject
Project("{FAE04EC0-301F-11D3-BF4B-00C04F79EFBC}") = "Jmerp.Example.Customers.Tests", "Tests\Jmerp.Example.Customer.Test\Jmerp.Example.Customers.Tests.csproj", "{52545E60-1BA9-40BC-A87C-C75BB39676B3}"
EndProject
Project("{FAE04EC0-301F-11D3-BF4B-00C04F79EFBC}") = "EventFlow.TestHelpers", "Frameworks\Jmerp.EventFlow.TestHelpers\EventFlow.TestHelpers.csproj", "{E18DCC39-8B83-408D-95D1-4E74D94A516F}"
EndProject
Project("{FAE04EC0-301F-11D3-BF4B-00C04F79EFBC}") = "Jmerp.Db", "Jmerp.Db\Jmerp.Db.csproj", "{0837DE29-78B8-4B79-88D3-9F7EA89529AA}"
EndProject
Project("{FAE04EC0-301F-11D3-BF4B-00C04F79EFBC}") = "Jmerp.Example.Customers.Queries.InMemory", "Domains\Jmerp.Example.Customer.Queries.InMemory\Jmerp.Example.Customers.Queries.InMemory.csproj", "{340E833C-630C-45B0-A00F-8E8C06765BB1}"
EndProject
Project("{2150E333-8FDC-42A3-9474-1A3956D46DE8}") = "Middlewares", "Middlewares", "{19ABD6E8-B31D-410A-ADB1-DDA7F3383B4A}"
EndProject
Project("{FAE04EC0-301F-11D3-BF4B-00C04F79EFBC}") = "Jmerp.Commons.Tests", "Tests\Jmerp.Commons\Jmerp.Commons.Tests.csproj", "{5DAE1CDA-88BC-4FC8-B15B-797977B04CEE}"
EndProject
Project("{FAE04EC0-301F-11D3-BF4B-00C04F79EFBC}") = "Jmerp.Example.Customers.Middlewares", "Middlewares\Jmerp.Example.Customers.Services\Jmerp.Example.Customers.Middlewares.csproj", "{C83B3B0F-14D8-4217-9420-296AD052D895}"
EndProject
Project("{FAE04EC0-301F-11D3-BF4B-00C04F79EFBC}") = "Jmerp.Constants", "Frameworks\Jmerp.Constants\Jmerp.Constants.csproj", "{E082EFE4-09CC-4D62-9CF1-A3D4B9161BA2}"
EndProject
Project("{FAE04EC0-301F-11D3-BF4B-00C04F79EFBC}") = "Jmerp.Resources", "Frameworks\Jmerp.Resources\Jmerp.Resources.csproj", "{6E09E59E-CD12-481A-855C-48D04C5C9BE0}"
EndProject
Project("{FAE04EC0-301F-11D3-BF4B-00C04F79EFBC}") = "Jmerp.Example.Customers.Middlewares.Tests", "Tests\Jmerp.Example.Customers.Middlewares.Tests\Jmerp.Example.Customers.Middlewares.Tests.csproj", "{E9180063-EF3D-49EE-98D3-8F61B1A6F836}"
EndProject
Project("{FAE04EC0-301F-11D3-BF4B-00C04F79EFBC}") = "Jmerp.Example.Shipping.Middlewares", "Middlewares\Jmerp.Example.Shipping.Middlewares\Jmerp.Example.Shipping.Middlewares.csproj", "{71B3E42D-8502-4C82-A8B0-F89AF9D014D3}"
EndProject
Project("{FAE04EC0-301F-11D3-BF4B-00C04F79EFBC}") = "Jmerp.Middlewares.Boostrappers", "Middlewares\Jmerp.Middlewares.Boostrappers\Jmerp.Middlewares.Boostrappers.csproj", "{A24287DD-50C3-4007-AB0C-DDD016EA7F7D}"
EndProject
Project("{8BB2217D-0F2D-49D1-97BC-3654ED321F3B}") = "Jmerp.Example.Ng2Core", "Applications\Jmerp.Example.Ng2Core\Jmerp.Example.Ng2Core.xproj", "{4EB89CBF-FC46-4C46-968C-D3562A3FC337}"
EndProject
Project("{FAE04EC0-301F-11D3-BF4B-00C04F79EFBC}") = "Jmerp.Example.Shipping.Queries.Mssql", "Domains\Jmerp.Example.Shipping.Queries.Mssql\Jmerp.Example.Shipping.Queries.Mssql.csproj", "{9500B65D-1A89-43DE-A666-CC634ABCDC69}"
EndProject
Project("{8BB2217D-0F2D-49D1-97BC-3654ED321F3B}") = "Jmerp.Example.Ng2Net", "Applications\Jmerp.Example.Ng2Net\Jmerp.Example.Ng2Net.xproj", "{64E81131-D48F-470A-BE3B-0A2ED46DA664}"
EndProject
Global
	GlobalSection(SolutionConfigurationPlatforms) = preSolution
		Debug|Any CPU = Debug|Any CPU
		Release|Any CPU = Release|Any CPU
	EndGlobalSection
	GlobalSection(ProjectConfigurationPlatforms) = postSolution
		{667C9B94-44B1-43CE-A1C3-77A9F0FC64B6}.Debug|Any CPU.ActiveCfg = Debug|Any CPU
		{667C9B94-44B1-43CE-A1C3-77A9F0FC64B6}.Debug|Any CPU.Build.0 = Debug|Any CPU
		{667C9B94-44B1-43CE-A1C3-77A9F0FC64B6}.Release|Any CPU.ActiveCfg = Release|Any CPU
		{667C9B94-44B1-43CE-A1C3-77A9F0FC64B6}.Release|Any CPU.Build.0 = Release|Any CPU
		{7A2DDC1C-0128-44C3-BEE8-E9211F515201}.Debug|Any CPU.ActiveCfg = Debug|Any CPU
		{7A2DDC1C-0128-44C3-BEE8-E9211F515201}.Debug|Any CPU.Build.0 = Debug|Any CPU
		{7A2DDC1C-0128-44C3-BEE8-E9211F515201}.Release|Any CPU.ActiveCfg = Release|Any CPU
		{7A2DDC1C-0128-44C3-BEE8-E9211F515201}.Release|Any CPU.Build.0 = Release|Any CPU
		{10BB28AC-EED8-40F4-9564-3362C020543A}.Debug|Any CPU.ActiveCfg = Debug|Any CPU
		{10BB28AC-EED8-40F4-9564-3362C020543A}.Debug|Any CPU.Build.0 = Debug|Any CPU
		{10BB28AC-EED8-40F4-9564-3362C020543A}.Release|Any CPU.ActiveCfg = Release|Any CPU
		{10BB28AC-EED8-40F4-9564-3362C020543A}.Release|Any CPU.Build.0 = Release|Any CPU
		{B5E26988-D962-4906-9027-FFC92B2710D1}.Debug|Any CPU.ActiveCfg = Debug|Any CPU
		{B5E26988-D962-4906-9027-FFC92B2710D1}.Debug|Any CPU.Build.0 = Debug|Any CPU
		{B5E26988-D962-4906-9027-FFC92B2710D1}.Release|Any CPU.ActiveCfg = Release|Any CPU
		{B5E26988-D962-4906-9027-FFC92B2710D1}.Release|Any CPU.Build.0 = Release|Any CPU
		{2E65EB85-386E-4CCE-AC60-55968E9F43FF}.Debug|Any CPU.ActiveCfg = Debug|Any CPU
		{2E65EB85-386E-4CCE-AC60-55968E9F43FF}.Debug|Any CPU.Build.0 = Debug|Any CPU
		{2E65EB85-386E-4CCE-AC60-55968E9F43FF}.Release|Any CPU.ActiveCfg = Release|Any CPU
		{2E65EB85-386E-4CCE-AC60-55968E9F43FF}.Release|Any CPU.Build.0 = Release|Any CPU
		{52545E60-1BA9-40BC-A87C-C75BB39676B3}.Debug|Any CPU.ActiveCfg = Debug|Any CPU
		{52545E60-1BA9-40BC-A87C-C75BB39676B3}.Debug|Any CPU.Build.0 = Debug|Any CPU
		{52545E60-1BA9-40BC-A87C-C75BB39676B3}.Release|Any CPU.ActiveCfg = Release|Any CPU
		{52545E60-1BA9-40BC-A87C-C75BB39676B3}.Release|Any CPU.Build.0 = Release|Any CPU
		{E18DCC39-8B83-408D-95D1-4E74D94A516F}.Debug|Any CPU.ActiveCfg = Debug|Any CPU
		{E18DCC39-8B83-408D-95D1-4E74D94A516F}.Debug|Any CPU.Build.0 = Debug|Any CPU
		{E18DCC39-8B83-408D-95D1-4E74D94A516F}.Release|Any CPU.ActiveCfg = Release|Any CPU
		{E18DCC39-8B83-408D-95D1-4E74D94A516F}.Release|Any CPU.Build.0 = Release|Any CPU
		{0837DE29-78B8-4B79-88D3-9F7EA89529AA}.Debug|Any CPU.ActiveCfg = Debug|Any CPU
		{0837DE29-78B8-4B79-88D3-9F7EA89529AA}.Debug|Any CPU.Build.0 = Debug|Any CPU
		{0837DE29-78B8-4B79-88D3-9F7EA89529AA}.Release|Any CPU.ActiveCfg = Release|Any CPU
		{0837DE29-78B8-4B79-88D3-9F7EA89529AA}.Release|Any CPU.Build.0 = Release|Any CPU
		{340E833C-630C-45B0-A00F-8E8C06765BB1}.Debug|Any CPU.ActiveCfg = Debug|Any CPU
		{340E833C-630C-45B0-A00F-8E8C06765BB1}.Debug|Any CPU.Build.0 = Debug|Any CPU
		{340E833C-630C-45B0-A00F-8E8C06765BB1}.Release|Any CPU.ActiveCfg = Release|Any CPU
		{340E833C-630C-45B0-A00F-8E8C06765BB1}.Release|Any CPU.Build.0 = Release|Any CPU
		{5DAE1CDA-88BC-4FC8-B15B-797977B04CEE}.Debug|Any CPU.ActiveCfg = Debug|Any CPU
		{5DAE1CDA-88BC-4FC8-B15B-797977B04CEE}.Debug|Any CPU.Build.0 = Debug|Any CPU
		{5DAE1CDA-88BC-4FC8-B15B-797977B04CEE}.Release|Any CPU.ActiveCfg = Release|Any CPU
		{5DAE1CDA-88BC-4FC8-B15B-797977B04CEE}.Release|Any CPU.Build.0 = Release|Any CPU
		{C83B3B0F-14D8-4217-9420-296AD052D895}.Debug|Any CPU.ActiveCfg = Debug|Any CPU
		{C83B3B0F-14D8-4217-9420-296AD052D895}.Debug|Any CPU.Build.0 = Debug|Any CPU
		{C83B3B0F-14D8-4217-9420-296AD052D895}.Release|Any CPU.ActiveCfg = Release|Any CPU
		{C83B3B0F-14D8-4217-9420-296AD052D895}.Release|Any CPU.Build.0 = Release|Any CPU
		{E082EFE4-09CC-4D62-9CF1-A3D4B9161BA2}.Debug|Any CPU.ActiveCfg = Debug|Any CPU
		{E082EFE4-09CC-4D62-9CF1-A3D4B9161BA2}.Debug|Any CPU.Build.0 = Debug|Any CPU
		{E082EFE4-09CC-4D62-9CF1-A3D4B9161BA2}.Release|Any CPU.ActiveCfg = Release|Any CPU
		{E082EFE4-09CC-4D62-9CF1-A3D4B9161BA2}.Release|Any CPU.Build.0 = Release|Any CPU
		{6E09E59E-CD12-481A-855C-48D04C5C9BE0}.Debug|Any CPU.ActiveCfg = Debug|Any CPU
		{6E09E59E-CD12-481A-855C-48D04C5C9BE0}.Debug|Any CPU.Build.0 = Debug|Any CPU
		{6E09E59E-CD12-481A-855C-48D04C5C9BE0}.Release|Any CPU.ActiveCfg = Release|Any CPU
		{6E09E59E-CD12-481A-855C-48D04C5C9BE0}.Release|Any CPU.Build.0 = Release|Any CPU
		{E9180063-EF3D-49EE-98D3-8F61B1A6F836}.Debug|Any CPU.ActiveCfg = Debug|Any CPU
		{E9180063-EF3D-49EE-98D3-8F61B1A6F836}.Debug|Any CPU.Build.0 = Debug|Any CPU
		{E9180063-EF3D-49EE-98D3-8F61B1A6F836}.Release|Any CPU.ActiveCfg = Release|Any CPU
		{E9180063-EF3D-49EE-98D3-8F61B1A6F836}.Release|Any CPU.Build.0 = Release|Any CPU
		{71B3E42D-8502-4C82-A8B0-F89AF9D014D3}.Debug|Any CPU.ActiveCfg = Debug|Any CPU
		{71B3E42D-8502-4C82-A8B0-F89AF9D014D3}.Debug|Any CPU.Build.0 = Debug|Any CPU
		{71B3E42D-8502-4C82-A8B0-F89AF9D014D3}.Release|Any CPU.ActiveCfg = Release|Any CPU
		{71B3E42D-8502-4C82-A8B0-F89AF9D014D3}.Release|Any CPU.Build.0 = Release|Any CPU
		{A24287DD-50C3-4007-AB0C-DDD016EA7F7D}.Debug|Any CPU.ActiveCfg = Debug|Any CPU
		{A24287DD-50C3-4007-AB0C-DDD016EA7F7D}.Debug|Any CPU.Build.0 = Debug|Any CPU
		{A24287DD-50C3-4007-AB0C-DDD016EA7F7D}.Release|Any CPU.ActiveCfg = Release|Any CPU
		{A24287DD-50C3-4007-AB0C-DDD016EA7F7D}.Release|Any CPU.Build.0 = Release|Any CPU
		{4EB89CBF-FC46-4C46-968C-D3562A3FC337}.Debug|Any CPU.ActiveCfg = Debug|Any CPU
		{4EB89CBF-FC46-4C46-968C-D3562A3FC337}.Debug|Any CPU.Build.0 = Debug|Any CPU
		{4EB89CBF-FC46-4C46-968C-D3562A3FC337}.Release|Any CPU.ActiveCfg = Release|Any CPU
		{4EB89CBF-FC46-4C46-968C-D3562A3FC337}.Release|Any CPU.Build.0 = Release|Any CPU
		{9500B65D-1A89-43DE-A666-CC634ABCDC69}.Debug|Any CPU.ActiveCfg = Debug|Any CPU
		{9500B65D-1A89-43DE-A666-CC634ABCDC69}.Debug|Any CPU.Build.0 = Debug|Any CPU
		{9500B65D-1A89-43DE-A666-CC634ABCDC69}.Release|Any CPU.ActiveCfg = Release|Any CPU
		{9500B65D-1A89-43DE-A666-CC634ABCDC69}.Release|Any CPU.Build.0 = Release|Any CPU
		{64E81131-D48F-470A-BE3B-0A2ED46DA664}.Debug|Any CPU.ActiveCfg = Debug|Any CPU
		{64E81131-D48F-470A-BE3B-0A2ED46DA664}.Debug|Any CPU.Build.0 = Debug|Any CPU
		{64E81131-D48F-470A-BE3B-0A2ED46DA664}.Release|Any CPU.ActiveCfg = Release|Any CPU
		{64E81131-D48F-470A-BE3B-0A2ED46DA664}.Release|Any CPU.Build.0 = Release|Any CPU
	EndGlobalSection
	GlobalSection(SolutionProperties) = preSolution
		HideSolutionNode = FALSE
	EndGlobalSection
	GlobalSection(NestedProjects) = preSolution
		{667C9B94-44B1-43CE-A1C3-77A9F0FC64B6} = {C3E52D11-2688-45F9-B145-93212A09EE14}
		{7A2DDC1C-0128-44C3-BEE8-E9211F515201} = {50AD39A1-1DF5-4598-A954-209890356978}
		{10BB28AC-EED8-40F4-9564-3362C020543A} = {5E4A54F7-97AA-427C-9352-4F975501B922}
		{B5E26988-D962-4906-9027-FFC92B2710D1} = {EDA5F276-3DFA-4330-8D94-88FC069A045F}
		{2E65EB85-386E-4CCE-AC60-55968E9F43FF} = {50AD39A1-1DF5-4598-A954-209890356978}
		{52545E60-1BA9-40BC-A87C-C75BB39676B3} = {EDA5F276-3DFA-4330-8D94-88FC069A045F}
		{E18DCC39-8B83-408D-95D1-4E74D94A516F} = {5E4A54F7-97AA-427C-9352-4F975501B922}
		{0837DE29-78B8-4B79-88D3-9F7EA89529AA} = {5E4A54F7-97AA-427C-9352-4F975501B922}
		{340E833C-630C-45B0-A00F-8E8C06765BB1} = {50AD39A1-1DF5-4598-A954-209890356978}
		{5DAE1CDA-88BC-4FC8-B15B-797977B04CEE} = {EDA5F276-3DFA-4330-8D94-88FC069A045F}
		{C83B3B0F-14D8-4217-9420-296AD052D895} = {19ABD6E8-B31D-410A-ADB1-DDA7F3383B4A}
		{E082EFE4-09CC-4D62-9CF1-A3D4B9161BA2} = {5E4A54F7-97AA-427C-9352-4F975501B922}
		{6E09E59E-CD12-481A-855C-48D04C5C9BE0} = {5E4A54F7-97AA-427C-9352-4F975501B922}
		{E9180063-EF3D-49EE-98D3-8F61B1A6F836} = {EDA5F276-3DFA-4330-8D94-88FC069A045F}
		{71B3E42D-8502-4C82-A8B0-F89AF9D014D3} = {19ABD6E8-B31D-410A-ADB1-DDA7F3383B4A}
		{A24287DD-50C3-4007-AB0C-DDD016EA7F7D} = {19ABD6E8-B31D-410A-ADB1-DDA7F3383B4A}
		{4EB89CBF-FC46-4C46-968C-D3562A3FC337} = {C3E52D11-2688-45F9-B145-93212A09EE14}
		{9500B65D-1A89-43DE-A666-CC634ABCDC69} = {50AD39A1-1DF5-4598-A954-209890356978}
		{64E81131-D48F-470A-BE3B-0A2ED46DA664} = {C3E52D11-2688-45F9-B145-93212A09EE14}
	EndGlobalSection
EndGlobal
