
Microsoft Visual Studio Solution File, Format Version 12.00
# Visual Studio 14
VisualStudioVersion = 14.0.25420.1
MinimumVisualStudioVersion = 10.0.40219.1
Project("{2150E333-8FDC-42A3-9474-1A3956D46DE8}") = "Applications", "Applications", "{C3E52D11-2688-45F9-B145-93212A09EE14}"
EndProject
Project("{2150E333-8FDC-42A3-9474-1A3956D46DE8}") = "Domains", "Domains", "{50AD39A1-1DF5-4598-A954-209890356978}"
EndProject
Project("{2150E333-8FDC-42A3-9474-1A3956D46DE8}") = "Tests", "Tests", "{EDA5F276-3DFA-4330-8D94-88FC069A045F}"
EndProject
Project("{2150E333-8FDC-42A3-9474-1A3956D46DE8}") = "Frameworks", "Frameworks", "{5E4A54F7-97AA-427C-9352-4F975501B922}"
EndProject
Project("{8BB2217D-0F2D-49D1-97BC-3654ED321F3B}") = "Jmerp.Web", "Applications\Jmerp.Web\Jmerp.Web.xproj", "{667C9B94-44B1-43CE-A1C3-77A9F0FC64B6}"
EndProject
Project("{FAE04EC0-301F-11D3-BF4B-00C04F79EFBC}") = "Jmerp.Example.Shipping", "Domains\Jmerp.Example.Shipping\Jmerp.Example.Shipping.csproj", "{7A2DDC1C-0128-44C3-BEE8-E9211F515201}"
EndProject
Project("{FAE04EC0-301F-11D3-BF4B-00C04F79EFBC}") = "Jmerp.Common", "Frameworks\Jmerp.Common\Jmerp.Common.csproj", "{10BB28AC-EED8-40F4-9564-3362C020543A}"
EndProject
Project("{FAE04EC0-301F-11D3-BF4B-00C04F79EFBC}") = "Jmerp.Example.Shipping.Tests", "Tests\Jmerp.Example.Shipping.Test\Jmerp.Example.Shipping.Tests.csproj", "{B5E26988-D962-4906-9027-FFC92B2710D1}"
EndProject
Project("{FAE04EC0-301F-11D3-BF4B-00C04F79EFBC}") = "Jmerp.Example.Customer", "Domains\Jmerp.Example.Customer\Jmerp.Example.Customer.csproj", "{2E65EB85-386E-4CCE-AC60-55968E9F43FF}"
EndProject
Project("{FAE04EC0-301F-11D3-BF4B-00C04F79EFBC}") = "Jmerp.Example.Customer.Tests", "Tests\Jmerp.Example.Customer.Test\Jmerp.Example.Customer.Tests.csproj", "{52545E60-1BA9-40BC-A87C-C75BB39676B3}"
EndProject
Project("{FAE04EC0-301F-11D3-BF4B-00C04F79EFBC}") = "Jmerp.Example.Shipping.Queries.InMemory", "Domains\Jmerp.Example.Shipping.Queries.InMemory\Jmerp.Example.Shipping.Queries.InMemory.csproj", "{F5451BEA-4445-4135-AB3E-EC68EBFE6ADA}"
EndProject
Project("{FAE04EC0-301F-11D3-BF4B-00C04F79EFBC}") = "EventFlow.TestHelpers", "Frameworks\Jmerp.EventFlow.TestHelpers\EventFlow.TestHelpers.csproj", "{E18DCC39-8B83-408D-95D1-4E74D94A516F}"
EndProject
Project("{FAE04EC0-301F-11D3-BF4B-00C04F79EFBC}") = "Jmerp.Example.Shipping.Queries.Mssql", "Jmerp.Example.Shipping.Queries.Mssql\Jmerp.Example.Shipping.Queries.Mssql.csproj", "{9500B65D-1A89-43DE-A666-CC634ABCDC69}"
EndProject
Project("{FAE04EC0-301F-11D3-BF4B-00C04F79EFBC}") = "Jmerp.Db", "Jmerp.Db\Jmerp.Db.csproj", "{0837DE29-78B8-4B79-88D3-9F7EA89529AA}"
EndProject
Global
	GlobalSection(SolutionConfigurationPlatforms) = preSolution
		Debug|Any CPU = Debug|Any CPU
		Release|Any CPU = Release|Any CPU
	EndGlobalSection
	GlobalSection(ProjectConfigurationPlatforms) = postSolution
		{667C9B94-44B1-43CE-A1C3-77A9F0FC64B6}.Debug|Any CPU.ActiveCfg = Debug|Any CPU
		{667C9B94-44B1-43CE-A1C3-77A9F0FC64B6}.Debug|Any CPU.Build.0 = Debug|Any CPU
		{667C9B94-44B1-43CE-A1C3-77A9F0FC64B6}.Release|Any CPU.ActiveCfg = Release|Any CPU
		{667C9B94-44B1-43CE-A1C3-77A9F0FC64B6}.Release|Any CPU.Build.0 = Release|Any CPU
		{7A2DDC1C-0128-44C3-BEE8-E9211F515201}.Debug|Any CPU.ActiveCfg = Debug|Any CPU
		{7A2DDC1C-0128-44C3-BEE8-E9211F515201}.Debug|Any CPU.Build.0 = Debug|Any CPU
		{7A2DDC1C-0128-44C3-BEE8-E9211F515201}.Release|Any CPU.ActiveCfg = Release|Any CPU
		{7A2DDC1C-0128-44C3-BEE8-E9211F515201}.Release|Any CPU.Build.0 = Release|Any CPU
		{10BB28AC-EED8-40F4-9564-3362C020543A}.Debug|Any CPU.ActiveCfg = Debug|Any CPU
		{10BB28AC-EED8-40F4-9564-3362C020543A}.Debug|Any CPU.Build.0 = Debug|Any CPU
		{10BB28AC-EED8-40F4-9564-3362C020543A}.Release|Any CPU.ActiveCfg = Release|Any CPU
		{10BB28AC-EED8-40F4-9564-3362C020543A}.Release|Any CPU.Build.0 = Release|Any CPU
		{B5E26988-D962-4906-9027-FFC92B2710D1}.Debug|Any CPU.ActiveCfg = Debug|Any CPU
		{B5E26988-D962-4906-9027-FFC92B2710D1}.Debug|Any CPU.Build.0 = Debug|Any CPU
		{B5E26988-D962-4906-9027-FFC92B2710D1}.Release|Any CPU.ActiveCfg = Release|Any CPU
		{B5E26988-D962-4906-9027-FFC92B2710D1}.Release|Any CPU.Build.0 = Release|Any CPU
		{2E65EB85-386E-4CCE-AC60-55968E9F43FF}.Debug|Any CPU.ActiveCfg = Debug|Any CPU
		{2E65EB85-386E-4CCE-AC60-55968E9F43FF}.Debug|Any CPU.Build.0 = Debug|Any CPU
		{2E65EB85-386E-4CCE-AC60-55968E9F43FF}.Release|Any CPU.ActiveCfg = Release|Any CPU
		{2E65EB85-386E-4CCE-AC60-55968E9F43FF}.Release|Any CPU.Build.0 = Release|Any CPU
		{52545E60-1BA9-40BC-A87C-C75BB39676B3}.Debug|Any CPU.ActiveCfg = Debug|Any CPU
		{52545E60-1BA9-40BC-A87C-C75BB39676B3}.Debug|Any CPU.Build.0 = Debug|Any CPU
		{52545E60-1BA9-40BC-A87C-C75BB39676B3}.Release|Any CPU.ActiveCfg = Release|Any CPU
		{52545E60-1BA9-40BC-A87C-C75BB39676B3}.Release|Any CPU.Build.0 = Release|Any CPU
		{F5451BEA-4445-4135-AB3E-EC68EBFE6ADA}.Debug|Any CPU.ActiveCfg = Debug|Any CPU
		{F5451BEA-4445-4135-AB3E-EC68EBFE6ADA}.Debug|Any CPU.Build.0 = Debug|Any CPU
		{F5451BEA-4445-4135-AB3E-EC68EBFE6ADA}.Release|Any CPU.ActiveCfg = Release|Any CPU
		{F5451BEA-4445-4135-AB3E-EC68EBFE6ADA}.Release|Any CPU.Build.0 = Release|Any CPU
		{E18DCC39-8B83-408D-95D1-4E74D94A516F}.Debug|Any CPU.ActiveCfg = Debug|Any CPU
		{E18DCC39-8B83-408D-95D1-4E74D94A516F}.Debug|Any CPU.Build.0 = Debug|Any CPU
		{E18DCC39-8B83-408D-95D1-4E74D94A516F}.Release|Any CPU.ActiveCfg = Release|Any CPU
		{E18DCC39-8B83-408D-95D1-4E74D94A516F}.Release|Any CPU.Build.0 = Release|Any CPU
		{9500B65D-1A89-43DE-A666-CC634ABCDC69}.Debug|Any CPU.ActiveCfg = Debug|Any CPU
		{9500B65D-1A89-43DE-A666-CC634ABCDC69}.Debug|Any CPU.Build.0 = Debug|Any CPU
		{9500B65D-1A89-43DE-A666-CC634ABCDC69}.Release|Any CPU.ActiveCfg = Release|Any CPU
		{9500B65D-1A89-43DE-A666-CC634ABCDC69}.Release|Any CPU.Build.0 = Release|Any CPU
		{0837DE29-78B8-4B79-88D3-9F7EA89529AA}.Debug|Any CPU.ActiveCfg = Debug|Any CPU
		{0837DE29-78B8-4B79-88D3-9F7EA89529AA}.Debug|Any CPU.Build.0 = Debug|Any CPU
		{0837DE29-78B8-4B79-88D3-9F7EA89529AA}.Release|Any CPU.ActiveCfg = Release|Any CPU
		{0837DE29-78B8-4B79-88D3-9F7EA89529AA}.Release|Any CPU.Build.0 = Release|Any CPU
	EndGlobalSection
	GlobalSection(SolutionProperties) = preSolution
		HideSolutionNode = FALSE
	EndGlobalSection
	GlobalSection(NestedProjects) = preSolution
		{667C9B94-44B1-43CE-A1C3-77A9F0FC64B6} = {C3E52D11-2688-45F9-B145-93212A09EE14}
		{7A2DDC1C-0128-44C3-BEE8-E9211F515201} = {50AD39A1-1DF5-4598-A954-209890356978}
		{10BB28AC-EED8-40F4-9564-3362C020543A} = {5E4A54F7-97AA-427C-9352-4F975501B922}
		{B5E26988-D962-4906-9027-FFC92B2710D1} = {EDA5F276-3DFA-4330-8D94-88FC069A045F}
		{2E65EB85-386E-4CCE-AC60-55968E9F43FF} = {50AD39A1-1DF5-4598-A954-209890356978}
		{52545E60-1BA9-40BC-A87C-C75BB39676B3} = {EDA5F276-3DFA-4330-8D94-88FC069A045F}
		{F5451BEA-4445-4135-AB3E-EC68EBFE6ADA} = {50AD39A1-1DF5-4598-A954-209890356978}
		{E18DCC39-8B83-408D-95D1-4E74D94A516F} = {5E4A54F7-97AA-427C-9352-4F975501B922}
		{9500B65D-1A89-43DE-A666-CC634ABCDC69} = {50AD39A1-1DF5-4598-A954-209890356978}
		{0837DE29-78B8-4B79-88D3-9F7EA89529AA} = {5E4A54F7-97AA-427C-9352-4F975501B922}
	EndGlobalSection
EndGlobal
